{
  "originHash" : "0728fe618f5e25015cbf38256783de8bf743f1c11e67af361a784abc856c9d19",
  "pins" : [
    {
      "identity" : "heresay-swift",
      "kind" : "remoteSourceControl",
      "location" : "https://github.com/Sibhimanyu/heresay-swift",
      "state" : {
        "revision" : "c489d7ea3104df1c7795b228570204085cf80105",
        "version" : "0.2.13"
      }
    },
    {
      "identity" : "sparkle",
      "kind" : "remoteSourceControl",
      "location" : "https://github.com/sparkle-project/Sparkle",
      "state" : {
        "revision" : "eef1a539a373c1f1a320624b1130fc5de7b2e100",
        "version" : "2.10.0"
      }
    }
  ],
  "version" : 3
}
